
Microsoft Visual Studio Solution File, Format Version 12.00
# Visual Studio Version 17
VisualStudioVersion = 17.13.35931.197 d17.13
MinimumVisualStudioVersion = 10.0.40219.1
Project("{FAE04EC0-301F-11D3-BF4B-00C04F79EFBC}") = "Exemple1", "Exemple1\Exemple1.csproj", "{366CD8EC-1179-488D-8D04-3AD0ADB2239C}"
EndProject
Project("{FAE04EC0-301F-11D3-BF4B-00C04F79EFBC}") = "Exemple2", "Exemple2\Exemple2.csproj", "{2FFFABE4-6366-4256-8055-F488AF6143EE}"
EndProject
Global
	GlobalSection(SolutionConfigurationPlatforms) = preSolution
		Debug|Any CPU = Debug|Any CPU
		Release|Any CPU = Release|Any CPU
	EndGlobalSection
	GlobalSection(ProjectConfigurationPlatforms) = postSolution
		{366CD8EC-1179-488D-8D04-3AD0ADB2239C}.Debug|Any CPU.ActiveCfg = Debug|Any CPU
		{366CD8EC-1179-488D-8D04-3AD0ADB2239C}.Debug|Any CPU.Build.0 = Debug|Any CPU
		{366CD8EC-1179-488D-8D04-3AD0ADB2239C}.Release|Any CPU.ActiveCfg = Release|Any CPU
		{366CD8EC-1179-488D-8D04-3AD0ADB2239C}.Release|Any CPU.Build.0 = Release|Any CPU
		{2FFFABE4-6366-4256-8055-F488AF6143EE}.Debug|Any CPU.ActiveCfg = Debug|Any CPU
		{2FFFABE4-6366-4256-8055-F488AF6143EE}.Debug|Any CPU.Build.0 = Debug|Any CPU
		{2FFFABE4-6366-4256-8055-F488AF6143EE}.Release|Any CPU.ActiveCfg = Release|Any CPU
		{2FFFABE4-6366-4256-8055-F488AF6143EE}.Release|Any CPU.Build.0 = Release|Any CPU
	EndGlobalSection
	GlobalSection(SolutionProperties) = preSolution
		HideSolutionNode = FALSE
	EndGlobalSection
	GlobalSection(ExtensibilityGlobals) = postSolution
		SolutionGuid = {DD7CB395-23F0-4966-9AAB-1DFDCEA634B5}
	EndGlobalSection
EndGlobal
